%{
  "broadway": {:hex, :broadway, "0.6.2", "ef8e0d257420c72f0e600958cf95556835d9921ad14be333493083226458791a", [:mix], [{:gen_stage, "~> 1.0", [hex: :gen_stage, repo: "hexpm", optional: false]}, {:telemetry, "~> 0.4.0", [hex: :telemetry, repo: "hexpm", optional: false]}], "hexpm", "f4f93704304a736c984cd6ed884f697415f68eb50906f4dc5d641926366ad8fa"},
  "brod": {:git, "git@github.com:apuratepp/brod.git", "90fdc44d8667cfcc3c24076d76bc6bce1744dbe6", [branch: "oauthbearer"]},
  "crc32cer": {:git, "https://github.com/zmstone/crc32cer", "89920ace478d5cb49311699945cc63fe51c4e6e7", [tag: "0.1.8"]},
  "earmark_parser": {:hex, :earmark_parser, "1.4.12", "b245e875ec0a311a342320da0551da407d9d2b65d98f7a9597ae078615af3449", [:mix], [], "hexpm", "711e2cc4d64abb7d566d43f54b78f7dc129308a63bc103fbd88550d2174b3160"},
  "ex_doc": {:hex, :ex_doc, "0.23.0", "a069bc9b0bf8efe323ecde8c0d62afc13d308b1fa3d228b65bca5cf8703a529d", [:mix], [{:earmark_parser, "~> 1.4.0", [hex: :earmark_parser, repo: "hexpm", optional: false]}, {:makeup_elixir, "~> 0.14", [hex: :makeup_elixir, repo: "hexpm", optional: false]}], "hexpm", "f5e2c4702468b2fd11b10d39416ddadd2fcdd173ba2a0285ebd92c39827a5a16"},
  "gen_stage": {:hex, :gen_stage, "1.0.0", "51c8ae56ff54f9a2a604ca583798c210ad245f415115453b773b621c49776df5", [:mix], [], "hexpm", "1d9fc978db5305ac54e6f5fec7adf80cd893b1000cf78271564c516aa2af7706"},
  "hex2bin": {:hex, :hex2bin, "1.0.0", "aac26eab998ae80eacee1c7607c629ab503ebf77a62b9242bae2b94d47dcb71e", [:rebar3], [], "hexpm", "e7012d1d9aadd26e680f0983d26fb8923707f05fac9688f19f530fa3795e716f"},
  "kafka_protocol": {:git, "git@github.com:apuratepp/kafka_protocol.git", "b53f417c5d4671604bdbb7ee7b392f5a6e02b6b5", [branch: "take2"]},
  "makeup": {:hex, :makeup, "1.0.5", "d5a830bc42c9800ce07dd97fa94669dfb93d3bf5fcf6ea7a0c67b2e0e4a7f26c", [:mix], [{:nimble_parsec, "~> 0.5 or ~> 1.0", [hex: :nimble_parsec, repo: "hexpm", optional: false]}], "hexpm", "cfa158c02d3f5c0c665d0af11512fed3fba0144cf1aadee0f2ce17747fba2ca9"},
  "makeup_elixir": {:hex, :makeup_elixir, "0.15.0", "98312c9f0d3730fde4049985a1105da5155bfe5c11e47bdc7406d88e01e4219b", [:mix], [{:makeup, "~> 1.0", [hex: :makeup, repo: "hexpm", optional: false]}, {:nimble_parsec, "~> 1.1", [hex: :nimble_parsec, repo: "hexpm", optional: false]}], "hexpm", "75ffa34ab1056b7e24844c90bfc62aaf6f3a37a15faa76b07bc5eba27e4a8b4a"},
  "nimble_parsec": {:hex, :nimble_parsec, "1.1.0", "3a6fca1550363552e54c216debb6a9e95bd8d32348938e13de5eda962c0d7f89", [:mix], [], "hexpm", "08eb32d66b706e913ff748f11694b17981c0b04a33ef470e33e11b3d3ac8f54b"},
  "snappyer": {:git, "https://github.com/zmstone/snappyer", "b8dfe59b4b18ccd1f0d46a676552b22a30ba6d8e", [tag: "1.2.8"]},
  "supervisor3": {:git, "https://github.com/klarna/supervisor3.git", "c11256561ad70052b25cedd6307261e5643f0550", [tag: "1.1.11"]},
  "telemetry": {:hex, :telemetry, "0.4.2", "2808c992455e08d6177322f14d3bdb6b625fbcfd233a73505870d8738a2f4599", [:rebar3], [], "hexpm", "2d1419bd9dda6a206d7b5852179511722e2b18812310d304620c7bd92a13fcef"},
}
